{
  "lockfileVersion": 1,
  "configVersion": 1,
  "workspaces": {
    "": {
      "name": "tjakoen.github.io",
      "dependencies": {
        "@tjakoen/batch": "^0.1.0",
        "@tjakoen/crumb": "^0.1.1",
        "@tjakoen/grain": "^0.1.7",
        "@tjakoen/mill": "^0.1.0",
        "@tjakoen/proof": "^0.1.0",
      },
      "devDependencies": {
        "@playwright/test": "^1.61.1",
        "bun-types": "^1.3.14",
        "typescript": "^5.8.0",
      },
    },
  },
  "packages": {
    "@playwright/test": ["@playwright/test@1.61.1", "", { "dependencies": { "playwright": "1.61.1" }, "bin": { "playwright": "cli.js" } }, "sha512-8nKv6+0RJSL9FE4jYOEGXnPeM/Hg12qZpmqzZjRh3qM0Y7c3z1mrOTfFLids72RDQYVh9WpLEfR5WdpNX4fkig=="],

    "@tjakoen/batch": ["@tjakoen/batch@0.1.0", "https://npm.pkg.github.com/download/@tjakoen/batch/0.1.0/508a1427b35683b03bc23d1ada463a28928206e5", {}, "sha512-ZC/SXl6b5Ynmyx2So8XeeWRIpF//dFSTFtA+Gocbwx9JPdsTF+HQn1j1XQpMeNhA5BWI4i6qsCemC7skvHM6LA=="],

    "@tjakoen/crumb": ["@tjakoen/crumb@0.1.1", "https://npm.pkg.github.com/download/@tjakoen/crumb/0.1.1/00d1fbe90c2fd0c3a1da7024fcf40fb0f6fbb2db", { "dependencies": { "@tjakoen/grain": "0.1.1", "@tjakoen/mill": "0.1.0" }, "bin": { "crumb": "cli.ts" } }, "sha512-aQgc2uHYEOIbi/ploYEW1rrvS2znPhbzBNKaebnAu+v8coXvirIxxnUq1vBjAPThuhVSwRpGNKuorsu8Kl0U8g=="],

    "@tjakoen/grain": ["@tjakoen/grain@0.1.7", "https://npm.pkg.github.com/download/@tjakoen/grain/0.1.7/a45bf343e6ebbd19a607ca00e559e468aa61cf62", {}, "sha512-CgdcUUc+PKpdcD2Eekhh9o1vF71niRcaKCuBtWPARFr9XHYZHvlBS3eE6eXZ9QjFOUzCz6cAjGQK4jyk1ztL/g=="],

    "@tjakoen/mill": ["@tjakoen/mill@0.1.0", "https://npm.pkg.github.com/download/@tjakoen/mill/0.1.0/cd34795cdd5e5710ccc427a7ffb3014c7a2cab5f", { "dependencies": { "@tjakoen/grain": "0.1.0" } }, "sha512-Lq0Eja//9xV2D4pl60GRw4kHSQeXGFc9BfB5VJlD9m9ivWOdiHwh7iGSfsUrfzwPfffmL/rE2q4VGYGTyz1HcA=="],

    "@tjakoen/proof": ["@tjakoen/proof@0.1.0", "https://npm.pkg.github.com/download/@tjakoen/proof/0.1.0/3be17e62b28840fb6460a0b8c1ab05784c81e05b", { "dependencies": { "@tjakoen/grain": "0.1.0", "@tjakoen/mill": "0.1.0" }, "bin": { "proof": "cli.ts" } }, "sha512-CzekEcsVL+e/zEkHx6Aixot49bXMu3hHxcsnHFLzhGRz2X9qDxHpxqYcfwsxSh8SvlVVm8e5ZieZUq1sAJi9Pg=="],

    "@types/node": ["@types/node@26.1.1", "", { "dependencies": { "undici-types": "~8.3.0" } }, "sha512-nxAkRSVkN1Y0JC1W8ky/fTfkGsMmcrRsbx+3XoZE+rMOX71kLYTV7fLXpqud1GpbpP5TuffXFqfX7fH2GgZREw=="],

    "bun-types": ["bun-types@1.3.14", "", { "dependencies": { "@types/node": "*" } }, "sha512-4N0ig0fEomHt5R0KCFWjovxow98rIoRwKolrYdCcknNwMekCXRnWEUvgu5soYV8QXtVsrUD8B95MBOZGPvr6KQ=="],

    "fsevents": ["fsevents@2.3.2", "", { "os": "darwin" }, "sha512-xiqMQR4xAeHTuB9uWm+fFRcIOgKBMiOBP+eXiyT7jsgVCq1bkVygt00oASowB7EdtpOHaaPgKt812P9ab+DDKA=="],

    "playwright": ["playwright@1.61.1", "", { "dependencies": { "playwright-core": "1.61.1" }, "optionalDependencies": { "fsevents": "2.3.2" }, "bin": { "playwright": "cli.js" } }, "sha512-DWnY5o3YbLWK4GovuAVwpqL+1VwGNdUGrRr++8j8PtQQzvAVZUIMjKQ90fY689sEJZJBbZVw1rXaOKSTitkzPQ=="],

    "playwright-core": ["playwright-core@1.61.1", "", { "bin": { "playwright-core": "cli.js" } }, "sha512-h7Qlt6m4REp25qvIdvbDtVmD4LqVXfpRxhORv9L0jzETM05p4fuPJ3dKyuSXQxDSbXnmS79HAgi9589lGSpLkg=="],

    "typescript": ["typescript@5.9.3", "", { "bin": { "tsc": "bin/tsc", "tsserver": "bin/tsserver" } }, "sha512-jl1vZzPDinLr9eUt3J/t7V6FgNEw9QjvBPdysz9KfQDD41fQrC2Y4vKQdiaUpFT4bXlb1RHhLpp8wtm6M5TgSw=="],

    "undici-types": ["undici-types@8.3.0", "", {}, "sha512-j375ScV60dom+YkPFIfTLcOiPxkN/buHz5GobjLhixFuANaNs3C9l4GmrWqejgXWJ7BbJcFYpTEUkS1Ge8bpZQ=="],

    "@tjakoen/crumb/@tjakoen/grain": ["@tjakoen/grain@0.1.1", "https://npm.pkg.github.com/download/@tjakoen/grain/0.1.1/36c3252de8f3792aaaf20c8ba1fddba87ca5791b", {}, "sha512-PXJBCVNGdZ7ZAkuBT61kkkq6GI0reKugojSxZGsomrPOP2/HkUk6/FaOwpxgSkwZrRlzuyhksVoqpXGVZqtI9Q=="],

    "@tjakoen/mill/@tjakoen/grain": ["@tjakoen/grain@0.1.0", "https://npm.pkg.github.com/download/@tjakoen/grain/0.1.0/d0499abcaeaf39d7947a5c441ffcc9f2b0471447", {}, "sha512-+dFPi0aTvMuSe8LuZxHcihLNAddsxaXlJZHtccPTZXNR5oLs3gZFf7DUoq79s42f4/sjLk9QJMtdUxp0nyFpBA=="],

    "@tjakoen/proof/@tjakoen/grain": ["@tjakoen/grain@0.1.0", "https://npm.pkg.github.com/download/@tjakoen/grain/0.1.0/d0499abcaeaf39d7947a5c441ffcc9f2b0471447", {}, "sha512-+dFPi0aTvMuSe8LuZxHcihLNAddsxaXlJZHtccPTZXNR5oLs3gZFf7DUoq79s42f4/sjLk9QJMtdUxp0nyFpBA=="],
  }
}
