{
  "lockfileVersion": 1,
  "configVersion": 1,
  "workspaces": {
    "": {
      "name": "tjakoen.github.io",
      "dependencies": {
        "@tjakoen/batch": "github:tjakoen/batch#5d04be0",
        "@tjakoen/grain": "github:tjakoen/grain#3b017b2",
        "@tjakoen/mill": "github:tjakoen/mill#2b85cb1",
        "@tjakoen/proof": "github:tjakoen/proof#19b444c",
      },
      "devDependencies": {
        "@playwright/test": "^1.61.1",
        "bun-types": "^1.3.14",
        "typescript": "^5.8.0",
      },
    },
  },
  "packages": {
    "@playwright/test": ["@playwright/test@1.61.1", "", { "dependencies": { "playwright": "1.61.1" }, "bin": { "playwright": "cli.js" } }, "sha512-8nKv6+0RJSL9FE4jYOEGXnPeM/Hg12qZpmqzZjRh3qM0Y7c3z1mrOTfFLids72RDQYVh9WpLEfR5WdpNX4fkig=="],

    "@tjakoen/batch": ["@tjakoen/batch@github:tjakoen/batch#5d04be0", {}, "tjakoen-batch-5d04be0", "sha512-VHK0qDeZ5L0OVPZnb0zbk2jixC2LqwoeDnjiTZfZ2GXyHbAZDAqU0e9uSERku0IpyeTWvsaxiAsrpIlHj6/7sQ=="],

    "@tjakoen/grain": ["@tjakoen/grain@github:tjakoen/grain#3b017b2", {}, "tjakoen-grain-3b017b2", "sha512-ZsbGnBm3F8wzZo5BooivbbNGttQcZC368Osm3MPzaarh7afPSyGvicyMjSGIHvVzCEEVmo2RyPIPvVRTl5pn9g=="],

    "@tjakoen/mill": ["@tjakoen/mill@github:tjakoen/mill#2b85cb1", { "dependencies": { "@tjakoen/batch": "github:tjakoen/batch#c00836e", "@tjakoen/grain": "github:tjakoen/grain#4076759" } }, "tjakoen-mill-2b85cb1", "sha512-YQTmCmJixpnwspHU/9tAQ5edaZyjqG7ZBI49zsc9vcVMINr90lxe02YGMm3KXL2uR00HHtCNH3i/eUXGouZPXA=="],

    "@tjakoen/proof": ["@tjakoen/proof@github:tjakoen/proof#19b444c", { "dependencies": { "@tjakoen/batch": "github:tjakoen/batch#f9ecb03", "@tjakoen/grain": "github:tjakoen/grain#3e94bdc", "@tjakoen/mill": "github:tjakoen/mill#15fa3a5" }, "bin": { "proof": "./cli.ts" } }, "tjakoen-proof-19b444c", "sha512-03OMoXzWFDkh9WbehlDypBY9/2RJQA6C2sWZAfXnv8xGpv1zJrPEYc+UwqK/gViUP5X50JBT2ZT9dKH1dnI+qA=="],

    "@types/node": ["@types/node@26.1.1", "", { "dependencies": { "undici-types": "~8.3.0" } }, "sha512-nxAkRSVkN1Y0JC1W8ky/fTfkGsMmcrRsbx+3XoZE+rMOX71kLYTV7fLXpqud1GpbpP5TuffXFqfX7fH2GgZREw=="],

    "bun-types": ["bun-types@1.3.14", "", { "dependencies": { "@types/node": "*" } }, "sha512-4N0ig0fEomHt5R0KCFWjovxow98rIoRwKolrYdCcknNwMekCXRnWEUvgu5soYV8QXtVsrUD8B95MBOZGPvr6KQ=="],

    "fsevents": ["fsevents@2.3.2", "", { "os": "darwin" }, "sha512-xiqMQR4xAeHTuB9uWm+fFRcIOgKBMiOBP+eXiyT7jsgVCq1bkVygt00oASowB7EdtpOHaaPgKt812P9ab+DDKA=="],

    "playwright": ["playwright@1.61.1", "", { "dependencies": { "playwright-core": "1.61.1" }, "optionalDependencies": { "fsevents": "2.3.2" }, "bin": { "playwright": "cli.js" } }, "sha512-DWnY5o3YbLWK4GovuAVwpqL+1VwGNdUGrRr++8j8PtQQzvAVZUIMjKQ90fY689sEJZJBbZVw1rXaOKSTitkzPQ=="],

    "playwright-core": ["playwright-core@1.61.1", "", { "bin": { "playwright-core": "cli.js" } }, "sha512-h7Qlt6m4REp25qvIdvbDtVmD4LqVXfpRxhORv9L0jzETM05p4fuPJ3dKyuSXQxDSbXnmS79HAgi9589lGSpLkg=="],

    "typescript": ["typescript@5.9.3", "", { "bin": { "tsc": "bin/tsc", "tsserver": "bin/tsserver" } }, "sha512-jl1vZzPDinLr9eUt3J/t7V6FgNEw9QjvBPdysz9KfQDD41fQrC2Y4vKQdiaUpFT4bXlb1RHhLpp8wtm6M5TgSw=="],

    "undici-types": ["undici-types@8.3.0", "", {}, "sha512-j375ScV60dom+YkPFIfTLcOiPxkN/buHz5GobjLhixFuANaNs3C9l4GmrWqejgXWJ7BbJcFYpTEUkS1Ge8bpZQ=="],

    "@tjakoen/mill/@tjakoen/batch": ["@tjakoen/batch@github:tjakoen/batch#c00836e", {}, "tjakoen-batch-c00836e", "sha512-awd1LZWTasGw+uiUPl39Qdf7YqDoiP39eXgy8p4ITHl3mg71a7cKLBTMxgsWw3ZhKTiSUaHVr9XjgtNkReeDlA=="],

    "@tjakoen/mill/@tjakoen/grain": ["@tjakoen/grain@github:tjakoen/grain#4076759", {}, "tjakoen-grain-4076759", "sha512-I2IHnD+5/sdQZhlynPj0p+g4qSgFSsp0YYt+WLHsTdZkhwwsF8IiI4hXLpRXQQtBXbLSv6gdiic3ma/OFAm/5g=="],

    "@tjakoen/proof/@tjakoen/batch": ["@tjakoen/batch@github:tjakoen/batch#f9ecb03", {}, "tjakoen-batch-f9ecb03", "sha512-QTzYtphPzZdEEk7Qs6s3CIR01WHw3JTfgpD0u0vp5qL8RGO7yXLRMFJj55uLhIzxCucYdhQsaz72PKsb3iiheQ=="],

    "@tjakoen/proof/@tjakoen/grain": ["@tjakoen/grain@github:tjakoen/grain#3e94bdc", {}, "tjakoen-grain-3e94bdc", "sha512-Iyg9JdyEt7GSiE9xdV1lubrQQFfxQpxOGeYJ/QKfD0OM4W04tEcxQIajUstWqvjawMlkv12CxXNEpcmjmbAlJw=="],

    "@tjakoen/proof/@tjakoen/mill": ["@tjakoen/mill@github:tjakoen/mill#15fa3a5", { "dependencies": { "@tjakoen/batch": "github:tjakoen/batch#f9ecb03", "@tjakoen/grain": "github:tjakoen/grain#3e94bdc" } }, "tjakoen-mill-15fa3a5", "sha512-MVXGcLZFGJTCU1RcP1YbPl/At/5BP+kwiZ/1wRWQqs/QcA0TKQ3JNA52CkmNYtQx/PTTU/v4qJqpRKuXoLf1sw=="],
  }
}
