{
  "lockfileVersion": 1,
  "configVersion": 1,
  "workspaces": {
    "": {
      "name": "tjakoen.github.io",
      "dependencies": {
        "@tjakoen/batch": "github:tjakoen/batch#f9ecb03",
        "@tjakoen/grain": "github:tjakoen/grain#3e94bdc",
        "@tjakoen/mill": "github:tjakoen/mill#15fa3a5",
        "@tjakoen/proof": "github:tjakoen/proof#f06daab",
      },
      "devDependencies": {
        "@playwright/test": "^1.61.1",
        "bun-types": "^1.3.14",
        "typescript": "^5.8.0",
      },
    },
  },
  "packages": {
    "@playwright/test": ["@playwright/test@1.61.1", "", { "dependencies": { "playwright": "1.61.1" }, "bin": { "playwright": "cli.js" } }, "sha512-8nKv6+0RJSL9FE4jYOEGXnPeM/Hg12qZpmqzZjRh3qM0Y7c3z1mrOTfFLids72RDQYVh9WpLEfR5WdpNX4fkig=="],

    "@tjakoen/batch": ["@tjakoen/batch@github:tjakoen/batch#f9ecb03", {}, "tjakoen-batch-f9ecb03", "sha512-QTzYtphPzZdEEk7Qs6s3CIR01WHw3JTfgpD0u0vp5qL8RGO7yXLRMFJj55uLhIzxCucYdhQsaz72PKsb3iiheQ=="],

    "@tjakoen/grain": ["@tjakoen/grain@github:tjakoen/grain#3e94bdc", {}, "tjakoen-grain-3e94bdc", "sha512-Iyg9JdyEt7GSiE9xdV1lubrQQFfxQpxOGeYJ/QKfD0OM4W04tEcxQIajUstWqvjawMlkv12CxXNEpcmjmbAlJw=="],

    "@tjakoen/mill": ["@tjakoen/mill@github:tjakoen/mill#15fa3a5", { "dependencies": { "@tjakoen/batch": "github:tjakoen/batch#f9ecb03", "@tjakoen/grain": "github:tjakoen/grain#3e94bdc" } }, "tjakoen-mill-15fa3a5", "sha512-MVXGcLZFGJTCU1RcP1YbPl/At/5BP+kwiZ/1wRWQqs/QcA0TKQ3JNA52CkmNYtQx/PTTU/v4qJqpRKuXoLf1sw=="],

    "@tjakoen/proof": ["@tjakoen/proof@github:tjakoen/proof#f06daab", { "dependencies": { "@tjakoen/batch": "github:tjakoen/batch#f9ecb03", "@tjakoen/grain": "github:tjakoen/grain#3e94bdc", "@tjakoen/mill": "github:tjakoen/mill#15fa3a5" }, "bin": { "proof": "./cli.ts" } }, "tjakoen-proof-f06daab", "sha512-oD6fqpq7FhkRfyUZELTs3UVgwa2I4cZXqTz2KkgRAyoaEqsr2FLXNeKL2LCq9oOItII78lpCFP89Y3jCpqzArA=="],

    "@types/node": ["@types/node@26.1.1", "", { "dependencies": { "undici-types": "~8.3.0" } }, "sha512-nxAkRSVkN1Y0JC1W8ky/fTfkGsMmcrRsbx+3XoZE+rMOX71kLYTV7fLXpqud1GpbpP5TuffXFqfX7fH2GgZREw=="],

    "bun-types": ["bun-types@1.3.14", "", { "dependencies": { "@types/node": "*" } }, "sha512-4N0ig0fEomHt5R0KCFWjovxow98rIoRwKolrYdCcknNwMekCXRnWEUvgu5soYV8QXtVsrUD8B95MBOZGPvr6KQ=="],

    "fsevents": ["fsevents@2.3.2", "", { "os": "darwin" }, "sha512-xiqMQR4xAeHTuB9uWm+fFRcIOgKBMiOBP+eXiyT7jsgVCq1bkVygt00oASowB7EdtpOHaaPgKt812P9ab+DDKA=="],

    "playwright": ["playwright@1.61.1", "", { "dependencies": { "playwright-core": "1.61.1" }, "optionalDependencies": { "fsevents": "2.3.2" }, "bin": { "playwright": "cli.js" } }, "sha512-DWnY5o3YbLWK4GovuAVwpqL+1VwGNdUGrRr++8j8PtQQzvAVZUIMjKQ90fY689sEJZJBbZVw1rXaOKSTitkzPQ=="],

    "playwright-core": ["playwright-core@1.61.1", "", { "bin": { "playwright-core": "cli.js" } }, "sha512-h7Qlt6m4REp25qvIdvbDtVmD4LqVXfpRxhORv9L0jzETM05p4fuPJ3dKyuSXQxDSbXnmS79HAgi9589lGSpLkg=="],

    "typescript": ["typescript@5.9.3", "", { "bin": { "tsc": "bin/tsc", "tsserver": "bin/tsserver" } }, "sha512-jl1vZzPDinLr9eUt3J/t7V6FgNEw9QjvBPdysz9KfQDD41fQrC2Y4vKQdiaUpFT4bXlb1RHhLpp8wtm6M5TgSw=="],

    "undici-types": ["undici-types@8.3.0", "", {}, "sha512-j375ScV60dom+YkPFIfTLcOiPxkN/buHz5GobjLhixFuANaNs3C9l4GmrWqejgXWJ7BbJcFYpTEUkS1Ge8bpZQ=="],
  }
}
